
Microsoft Visual Studio Solution File, Format Version 12.00
# Visual Studio Version 17
VisualStudioVersion = 17.4.33205.214
MinimumVisualStudioVersion = 10.0.40219.1
Project("{FAE04EC0-301F-11D3-BF4B-00C04F79EFBC}") = "voipmanager.Server", "Server\voipmanager.Server.csproj", "{3FD25230-FC9C-4C29-9050-67CEF2A6FA26}"
EndProject
Project("{FAE04EC0-301F-11D3-BF4B-00C04F79EFBC}") = "voipmanager.Client", "Client\voipmanager.Client.csproj", "{A1278434-26AA-41DF-9B9B-92B1E7FB8D61}"
EndProject
Project("{FAE04EC0-301F-11D3-BF4B-00C04F79EFBC}") = "voipmanager.Shared", "Shared\voipmanager.Shared.csproj", "{72FAE738-E1D6-46E0-A733-A7392BB850C8}"
EndProject
Project("{2150E333-8FDC-42A3-9474-1A3956D46DE8}") = "1_EnterpriseBusinessRules", "1_EnterpriseBusinessRules", "{D6138409-BBC8-4D72-B53C-E60A8500144D}"
EndProject
Project("{2150E333-8FDC-42A3-9474-1A3956D46DE8}") = "2_ApplicationBusinessRules", "2_ApplicationBusinessRules", "{48CD4E33-A0F9-4BAC-8198-AE9F76F7A322}"
EndProject
Project("{2150E333-8FDC-42A3-9474-1A3956D46DE8}") = "3_InterfacesAdapters", "3_InterfacesAdapters", "{93FA9B07-F75E-48B6-800F-43742A080366}"
EndProject
Project("{2150E333-8FDC-42A3-9474-1A3956D46DE8}") = "4_FrameworksDrivers", "4_FrameworksDrivers", "{824FA4C0-09A2-447A-9532-FE1DEFC02168}"
EndProject
Project("{FAE04EC0-301F-11D3-BF4B-00C04F79EFBC}") = "voipmanager.BusinessObjects", "voipmanager.BusinessObjects\voipmanager.BusinessObjects.csproj", "{84063ED2-3B12-429E-98AE-B46BB886F8B5}"
EndProject
Project("{FAE04EC0-301F-11D3-BF4B-00C04F79EFBC}") = "voipmanager.enums", "voipmanager.enums\voipmanager.enums.csproj", "{CEB30116-4337-4BBC-9CBE-1D9EE4C5CF67}"
EndProject
Global
	GlobalSection(SolutionConfigurationPlatforms) = preSolution
		Debug|Any CPU = Debug|Any CPU
		Release|Any CPU = Release|Any CPU
	EndGlobalSection
	GlobalSection(ProjectConfigurationPlatforms) = postSolution
		{3FD25230-FC9C-4C29-9050-67CEF2A6FA26}.Debug|Any CPU.ActiveCfg = Debug|Any CPU
		{3FD25230-FC9C-4C29-9050-67CEF2A6FA26}.Debug|Any CPU.Build.0 = Debug|Any CPU
		{3FD25230-FC9C-4C29-9050-67CEF2A6FA26}.Release|Any CPU.ActiveCfg = Release|Any CPU
		{3FD25230-FC9C-4C29-9050-67CEF2A6FA26}.Release|Any CPU.Build.0 = Release|Any CPU
		{A1278434-26AA-41DF-9B9B-92B1E7FB8D61}.Debug|Any CPU.ActiveCfg = Debug|Any CPU
		{A1278434-26AA-41DF-9B9B-92B1E7FB8D61}.Debug|Any CPU.Build.0 = Debug|Any CPU
		{A1278434-26AA-41DF-9B9B-92B1E7FB8D61}.Release|Any CPU.ActiveCfg = Release|Any CPU
		{A1278434-26AA-41DF-9B9B-92B1E7FB8D61}.Release|Any CPU.Build.0 = Release|Any CPU
		{72FAE738-E1D6-46E0-A733-A7392BB850C8}.Debug|Any CPU.ActiveCfg = Debug|Any CPU
		{72FAE738-E1D6-46E0-A733-A7392BB850C8}.Debug|Any CPU.Build.0 = Debug|Any CPU
		{72FAE738-E1D6-46E0-A733-A7392BB850C8}.Release|Any CPU.ActiveCfg = Release|Any CPU
		{72FAE738-E1D6-46E0-A733-A7392BB850C8}.Release|Any CPU.Build.0 = Release|Any CPU
		{84063ED2-3B12-429E-98AE-B46BB886F8B5}.Debug|Any CPU.ActiveCfg = Debug|Any CPU
		{84063ED2-3B12-429E-98AE-B46BB886F8B5}.Debug|Any CPU.Build.0 = Debug|Any CPU
		{84063ED2-3B12-429E-98AE-B46BB886F8B5}.Release|Any CPU.ActiveCfg = Release|Any CPU
		{84063ED2-3B12-429E-98AE-B46BB886F8B5}.Release|Any CPU.Build.0 = Release|Any CPU
		{CEB30116-4337-4BBC-9CBE-1D9EE4C5CF67}.Debug|Any CPU.ActiveCfg = Debug|Any CPU
		{CEB30116-4337-4BBC-9CBE-1D9EE4C5CF67}.Debug|Any CPU.Build.0 = Debug|Any CPU
		{CEB30116-4337-4BBC-9CBE-1D9EE4C5CF67}.Release|Any CPU.ActiveCfg = Release|Any CPU
		{CEB30116-4337-4BBC-9CBE-1D9EE4C5CF67}.Release|Any CPU.Build.0 = Release|Any CPU
	EndGlobalSection
	GlobalSection(SolutionProperties) = preSolution
		HideSolutionNode = FALSE
	EndGlobalSection
	GlobalSection(NestedProjects) = preSolution
		{84063ED2-3B12-429E-98AE-B46BB886F8B5} = {48CD4E33-A0F9-4BAC-8198-AE9F76F7A322}
		{CEB30116-4337-4BBC-9CBE-1D9EE4C5CF67} = {D6138409-BBC8-4D72-B53C-E60A8500144D}
	EndGlobalSection
	GlobalSection(ExtensibilityGlobals) = postSolution
		SolutionGuid = {38093578-F724-4D90-A771-3986231F6A9F}
	EndGlobalSection
EndGlobal
